# THIS IS AN AUTOGENERATED FILE. DO NOT EDIT THIS FILE DIRECTLY.
# yarn lockfile v1


"@cawfree/react-native-layout-animation-provider@^1.0.3":
  version "1.0.3"
  resolved "https://registry.yarnpkg.com/@cawfree/react-native-layout-animation-provider/-/react-native-layout-animation-provider-1.0.3.tgz#fafe1fd8e24bfaf9744f596b75dd5ee5700eaddc"
  integrity sha512-6rz2kn81pzVvwMwB42Ed+RNnfwoqGDkQBbCduEEtPmPFAYKWk/9s9Ft1tPg4wtcyBMTstWnQvYTfcFcC9fcrpQ==
